// !$*UTF8*$!
{
	archiveVersion = 1;
	classes = {
	};
	objectVersion = 51;
	objects = {

/* Begin PBXBuildFile section */
		3BB5DCE712D67233F8D194F2 /* Pods_Lover.framework in Frameworks */ = {isa = PBXBuildFile; fileRef = A946E0B6DDACAABF0AC505F6 /* Pods_Lover.framework */; };
		BFD56E4D22FFB9EA00032D97 /* AppDelegate.m in Sources */ = {isa = PBXBuildFile; fileRef = BFD56E4C22FFB9EA00032D97 /* AppDelegate.m */; };
		BFD56E5022FFB9EA00032D97 /* ViewController.m in Sources */ = {isa = PBXBuildFile; fileRef = BFD56E4F22FFB9EA00032D97 /* ViewController.m */; };
		BFD56E5322FFB9EA00032D97 /* Main.storyboard in Resources */ = {isa = PBXBuildFile; fileRef = BFD56E5122FFB9EA00032D97 /* Main.storyboard */; };
		BFD56E5522FFB9EF00032D97 /* Assets.xcassets in Resources */ = {isa = PBXBuildFile; fileRef = BFD56E5422FFB9EF00032D97 /* Assets.xcassets */; };
		BFD56E5822FFB9EF00032D97 /* LaunchScreen.storyboard in Resources */ = {isa = PBXBuildFile; fileRef = BFD56E5622FFB9EF00032D97 /* LaunchScreen.storyboard */; };
		BFD56E5B22FFB9EF00032D97 /* main.m in Sources */ = {isa = PBXBuildFile; fileRef = BFD56E5A22FFB9EF00032D97 /* main.m */; };
		BFD56E6722FFBE9E00032D97 /* HomeViewController.m in Sources */ = {isa = PBXBuildFile; fileRef = BFD56E6522FFBE9E00032D97 /* HomeViewController.m */; };
		BFD56E6822FFBE9E00032D97 /* HomeViewController.xib in Resources */ = {isa = PBXBuildFile; fileRef = BFD56E6622FFBE9E00032D97 /* HomeViewController.xib */; };
		BFD56E6C22FFBEFD00032D97 /* SecondViewController.m in Sources */ = {isa = PBXBuildFile; fileRef = BFD56E6A22FFBEFD00032D97 /* SecondViewController.m */; };
		BFD56E6D22FFBEFD00032D97 /* SecondViewController.xib in Resources */ = {isa = PBXBuildFile; fileRef = BFD56E6B22FFBEFD00032D97 /* SecondViewController.xib */; };
		BFD56E7122FFBF2700032D97 /* ThreeViewController.m in Sources */ = {isa = PBXBuildFile; fileRef = BFD56E6F22FFBF2700032D97 /* ThreeViewController.m */; };
		BFD56E7222FFBF2700032D97 /* ThreeViewController.xib in Resources */ = {isa = PBXBuildFile; fileRef = BFD56E7022FFBF2700032D97 /* ThreeViewController.xib */; };
		BFD56E8122FFC45B00032D97 /* ZRAudioPlayerMgr.m in Sources */ = {isa = PBXBuildFile; fileRef = BFD56E7522FFC45B00032D97 /* ZRAudioPlayerMgr.m */; };
		BFD56E8222FFC45B00032D97 /* ZRTableViewBaseAdapter.m in Sources */ = {isa = PBXBuildFile; fileRef = BFD56E7822FFC45B00032D97 /* ZRTableViewBaseAdapter.m */; };
		BFD56E8322FFC45B00032D97 /* UIColor+ZRColor.m in Sources */ = {isa = PBXBuildFile; fileRef = BFD56E7B22FFC45B00032D97 /* UIColor+ZRColor.m */; };
		BFD56E8422FFC45B00032D97 /* ZRDevice.m in Sources */ = {isa = PBXBuildFile; fileRef = BFD56E7C22FFC45B00032D97 /* ZRDevice.m */; };
		BFD56E8522FFC45B00032D97 /* UIImage+Rotate.m in Sources */ = {isa = PBXBuildFile; fileRef = BFD56E7F22FFC45B00032D97 /* UIImage+Rotate.m */; };
		BFD56EA722FFE04700032D97 /* ZRBirthdayHeartMgr.m in Sources */ = {isa = PBXBuildFile; fileRef = BFD56E8822FFE04700032D97 /* ZRBirthdayHeartMgr.m */; };
		BFD56EA822FFE04700032D97 /* ZRBirthdayHeartModel.m in Sources */ = {isa = PBXBuildFile; fileRef = BFD56E8922FFE04700032D97 /* ZRBirthdayHeartModel.m */; };
		BFD56EA922FFE04700032D97 /* ZRBirthdayHeartView.m in Sources */ = {isa = PBXBuildFile; fileRef = BFD56E8E22FFE04700032D97 /* ZRBirthdayHeartView.m */; };
		BFD56EAA22FFE04700032D97 /* ZRBirthdayHeartViewController.xib in Resources */ = {isa = PBXBuildFile; fileRef = BFD56E9122FFE04700032D97 /* ZRBirthdayHeartViewController.xib */; };
		BFD56EAB22FFE04700032D97 /* ZRBirthdayHeartViewController.m in Sources */ = {isa = PBXBuildFile; fileRef = BFD56E9222FFE04700032D97 /* ZRBirthdayHeartViewController.m */; };
		BFD56EAC22FFE04700032D97 /* ZRBirthdayEnvelopeFriendsItem.m in Sources */ = {isa = PBXBuildFile; fileRef = BFD56E9522FFE04700032D97 /* ZRBirthdayEnvelopeFriendsItem.m */; };
		BFD56EAD22FFE04700032D97 /* ZRBirthdayEnvelopeModel.m in Sources */ = {isa = PBXBuildFile; fileRef = BFD56E9622FFE04700032D97 /* ZRBirthdayEnvelopeModel.m */; };
		BFD56EAE22FFE04700032D97 /* ZRBirthdayEnvelopeMgr.m in Sources */ = {isa = PBXBuildFile; fileRef = BFD56E9722FFE04700032D97 /* ZRBirthdayEnvelopeMgr.m */; };
		BFD56EAF22FFE04700032D97 /* ZRBirthdayEnvelopeUserFriendsCCell.xib in Resources */ = {isa = PBXBuildFile; fileRef = BFD56E9C22FFE04700032D97 /* ZRBirthdayEnvelopeUserFriendsCCell.xib */; };
		BFD56EB022FFE04700032D97 /* ZRBirthdayEnvelopeUserDescView.m in Sources */ = {isa = PBXBuildFile; fileRef = BFD56E9D22FFE04700032D97 /* ZRBirthdayEnvelopeUserDescView.m */; };
		BFD56EB122FFE04700032D97 /* ZRBirthdayEnvelopeUserFriendsCCell.m in Sources */ = {isa = PBXBuildFile; fileRef = BFD56E9E22FFE04700032D97 /* ZRBirthdayEnvelopeUserFriendsCCell.m */; };
		BFD56EB222FFE04700032D97 /* ZRBirthdayEnvelopeView.m in Sources */ = {isa = PBXBuildFile; fileRef = BFD56EA222FFE04700032D97 /* ZRBirthdayEnvelopeView.m */; };
		BFD56EB322FFE04700032D97 /* ZRBirthdayEnvelopeViewController.xib in Resources */ = {isa = PBXBuildFile; fileRef = BFD56EA422FFE04700032D97 /* ZRBirthdayEnvelopeViewController.xib */; };
		BFD56EB422FFE04700032D97 /* ZRBirthdayEnvelopeViewController.m in Sources */ = {isa = PBXBuildFile; fileRef = BFD56EA522FFE04700032D97 /* ZRBirthdayEnvelopeViewController.m */; };
		BFD56EB622FFEB5100032D97 /* eba5d13dd4de0aee395bf9d208ab29f7.gif in Resources */ = {isa = PBXBuildFile; fileRef = BFD56EB522FFEB5100032D97 /* eba5d13dd4de0aee395bf9d208ab29f7.gif */; };
		BFD56EC4230112A100032D97 /* CountdownAnimationView.m in Sources */ = {isa = PBXBuildFile; fileRef = BFD56EC2230112A100032D97 /* CountdownAnimationView.m */; };
		BFD56ED0230112AB00032D97 /* num_9.mp3 in Resources */ = {isa = PBXBuildFile; fileRef = BFD56EC6230112AA00032D97 /* num_9.mp3 */; };
		BFD56ED1230112AB00032D97 /* num_8.mp3 in Resources */ = {isa = PBXBuildFile; fileRef = BFD56EC7230112AA00032D97 /* num_8.mp3 */; };
		BFD56ED2230112AB00032D97 /* num_3.mp3 in Resources */ = {isa = PBXBuildFile; fileRef = BFD56EC8230112AA00032D97 /* num_3.mp3 */; };
		BFD56ED3230112AB00032D97 /* num_2.mp3 in Resources */ = {isa = PBXBuildFile; fileRef = BFD56EC9230112AA00032D97 /* num_2.mp3 */; };
		BFD56ED4230112AB00032D97 /* orun_start.mp3 in Resources */ = {isa = PBXBuildFile; fileRef = BFD56ECA230112AA00032D97 /* orun_start.mp3 */; };
		BFD56ED5230112AB00032D97 /* num_1.mp3 in Resources */ = {isa = PBXBuildFile; fileRef = BFD56ECB230112AA00032D97 /* num_1.mp3 */; };
		BFD56ED6230112AB00032D97 /* num_5.mp3 in Resources */ = {isa = PBXBuildFile; fileRef = BFD56ECC230112AA00032D97 /* num_5.mp3 */; };
		BFD56ED7230112AB00032D97 /* num_4.mp3 in Resources */ = {isa = PBXBuildFile; fileRef = BFD56ECD230112AA00032D97 /* num_4.mp3 */; };
		BFD56ED8230112AB00032D97 /* num_6.mp3 in Resources */ = {isa = PBXBuildFile; fileRef = BFD56ECE230112AA00032D97 /* num_6.mp3 */; };
		BFD56ED9230112AB00032D97 /* num_7.mp3 in Resources */ = {isa = PBXBuildFile; fileRef = BFD56ECF230112AA00032D97 /* num_7.mp3 */; };
		BFD56EDC23018D5300032D97 /* UIView+Frame.m in Sources */ = {isa = PBXBuildFile; fileRef = BFD56EDB23018D5200032D97 /* UIView+Frame.m */; };
/* End PBXBuildFile section */

/* Begin PBXFileReference section */
		A946E0B6DDACAABF0AC505F6 /* Pods_Lover.framework */ = {isa = PBXFileReference; explicitFileType = wrapper.framework; includeInIndex = 0; path = Pods_Lover.framework; sourceTree = BUILT_PRODUCTS_DIR; };
		BFD56E4822FFB9EA00032D97 /* Lover.app */ = {isa = PBXFileReference; explicitFileType = wrapper.application; includeInIndex = 0; path = Lover.app; sourceTree = BUILT_PRODUCTS_DIR; };
		BFD56E4B22FFB9EA00032D97 /* AppDelegate.h */ = {isa = PBXFileReference; lastKnownFileType = sourcecode.c.h; path = AppDelegate.h; sourceTree = "<group>"; };
		BFD56E4C22FFB9EA00032D97 /* AppDelegate.m */ = {isa = PBXFileReference; lastKnownFileType = sourcecode.c.objc; path = AppDelegate.m; sourceTree = "<group>"; };
		BFD56E4E22FFB9EA00032D97 /* ViewController.h */ = {isa = PBXFileReference; lastKnownFileType = sourcecode.c.h; path = ViewController.h; sourceTree = "<group>"; };
		BFD56E4F22FFB9EA00032D97 /* ViewController.m */ = {isa = PBXFileReference; lastKnownFileType = sourcecode.c.objc; path = ViewController.m; sourceTree = "<group>"; };
		BFD56E5222FFB9EA00032D97 /* Base */ = {isa = PBXFileReference; lastKnownFileType = file.storyboard; name = Base; path = Base.lproj/Main.storyboard; sourceTree = "<group>"; };
		BFD56E5422FFB9EF00032D97 /* Assets.xcassets */ = {isa = PBXFileReference; lastKnownFileType = folder.assetcatalog; path = Assets.xcassets; sourceTree = "<group>"; };
		BFD56E5722FFB9EF00032D97 /* Base */ = {isa = PBXFileReference; lastKnownFileType = file.storyboard; name = Base; path = Base.lproj/LaunchScreen.storyboard; sourceTree = "<group>"; };
		BFD56E5922FFB9EF00032D97 /* Info.plist */ = {isa = PBXFileReference; lastKnownFileType = text.plist.xml; path = Info.plist; sourceTree = "<group>"; };
		BFD56E5A22FFB9EF00032D97 /* main.m */ = {isa = PBXFileReference; lastKnownFileType = sourcecode.c.objc; path = main.m; sourceTree = "<group>"; };
		BFD56E6422FFBE9E00032D97 /* HomeViewController.h */ = {isa = PBXFileReference; lastKnownFileType = sourcecode.c.h; path = HomeViewController.h; sourceTree = "<group>"; };
		BFD56E6522FFBE9E00032D97 /* HomeViewController.m */ = {isa = PBXFileReference; lastKnownFileType = sourcecode.c.objc; path = HomeViewController.m; sourceTree = "<group>"; };
		BFD56E6622FFBE9E00032D97 /* HomeViewController.xib */ = {isa = PBXFileReference; lastKnownFileType = file.xib; path = HomeViewController.xib; sourceTree = "<group>"; };
		BFD56E6922FFBEFD00032D97 /* SecondViewController.h */ = {isa = PBXFileReference; lastKnownFileType = sourcecode.c.h; path = SecondViewController.h; sourceTree = "<group>"; };
		BFD56E6A22FFBEFD00032D97 /* SecondViewController.m */ = {isa = PBXFileReference; lastKnownFileType = sourcecode.c.objc; path = SecondViewController.m; sourceTree = "<group>"; };
		BFD56E6B22FFBEFD00032D97 /* SecondViewController.xib */ = {isa = PBXFileReference; lastKnownFileType = file.xib; path = SecondViewController.xib; sourceTree = "<group>"; };
		BFD56E6E22FFBF2700032D97 /* ThreeViewController.h */ = {isa = PBXFileReference; lastKnownFileType = sourcecode.c.h; path = ThreeViewController.h; sourceTree = "<group>"; };
		BFD56E6F22FFBF2700032D97 /* ThreeViewController.m */ = {isa = PBXFileReference; lastKnownFileType = sourcecode.c.objc; path = ThreeViewController.m; sourceTree = "<group>"; };
		BFD56E7022FFBF2700032D97 /* ThreeViewController.xib */ = {isa = PBXFileReference; lastKnownFileType = file.xib; path = ThreeViewController.xib; sourceTree = "<group>"; };
		BFD56E7422FFC45B00032D97 /* ZRPrefixHeader.pch */ = {isa = PBXFileReference; fileEncoding = 4; lastKnownFileType = sourcecode.c.h; path = ZRPrefixHeader.pch; sourceTree = "<group>"; };
		BFD56E7522FFC45B00032D97 /* ZRAudioPlayerMgr.m */ = {isa = PBXFileReference; fileEncoding = 4; lastKnownFileType = sourcecode.c.objc; path = ZRAudioPlayerMgr.m; sourceTree = "<group>"; };
		BFD56E7622FFC45B00032D97 /* ZRDevice.h */ = {isa = PBXFileReference; fileEncoding = 4; lastKnownFileType = sourcecode.c.h; path = ZRDevice.h; sourceTree = "<group>"; };
		BFD56E7822FFC45B00032D97 /* ZRTableViewBaseAdapter.m */ = {isa = PBXFileReference; fileEncoding = 4; lastKnownFileType = sourcecode.c.objc; path = ZRTableViewBaseAdapter.m; sourceTree = "<group>"; };
		BFD56E7922FFC45B00032D97 /* ZRTableViewBaseAdapter.h */ = {isa = PBXFileReference; fileEncoding = 4; lastKnownFileType = sourcecode.c.h; path = ZRTableViewBaseAdapter.h; sourceTree = "<group>"; };
		BFD56E7A22FFC45B00032D97 /* UIImage+Rotate.h */ = {isa = PBXFileReference; fileEncoding = 4; lastKnownFileType = sourcecode.c.h; path = "UIImage+Rotate.h"; sourceTree = "<group>"; };
		BFD56E7B22FFC45B00032D97 /* UIColor+ZRColor.m */ = {isa = PBXFileReference; fileEncoding = 4; lastKnownFileType = sourcecode.c.objc; path = "UIColor+ZRColor.m"; sourceTree = "<group>"; };
		BFD56E7C22FFC45B00032D97 /* ZRDevice.m */ = {isa = PBXFileReference; fileEncoding = 4; lastKnownFileType = sourcecode.c.objc; path = ZRDevice.m; sourceTree = "<group>"; };
		BFD56E7D22FFC45B00032D97 /* ZRAudioPlayerMgr.h */ = {isa = PBXFileReference; fileEncoding = 4; lastKnownFileType = sourcecode.c.h; path = ZRAudioPlayerMgr.h; sourceTree = "<group>"; };
		BFD56E7E22FFC45B00032D97 /* ZRBaseDefined.h */ = {isa = PBXFileReference; fileEncoding = 4; lastKnownFileType = sourcecode.c.h; path = ZRBaseDefined.h; sourceTree = "<group>"; };
		BFD56E7F22FFC45B00032D97 /* UIImage+Rotate.m */ = {isa = PBXFileReference; fileEncoding = 4; lastKnownFileType = sourcecode.c.objc; path = "UIImage+Rotate.m"; sourceTree = "<group>"; };
		BFD56E8022FFC45B00032D97 /* UIColor+ZRColor.h */ = {isa = PBXFileReference; fileEncoding = 4; lastKnownFileType = sourcecode.c.h; path = "UIColor+ZRColor.h"; sourceTree = "<group>"; };
		BFD56E8822FFE04700032D97 /* ZRBirthdayHeartMgr.m */ = {isa = PBXFileReference; fileEncoding = 4; lastKnownFileType = sourcecode.c.objc; path = ZRBirthdayHeartMgr.m; sourceTree = "<group>"; };
		BFD56E8922FFE04700032D97 /* ZRBirthdayHeartModel.m */ = {isa = PBXFileReference; fileEncoding = 4; lastKnownFileType = sourcecode.c.objc; path = ZRBirthdayHeartModel.m; sourceTree = "<group>"; };
		BFD56E8A22FFE04700032D97 /* ZRBirthdayHeartMgr.h */ = {isa = PBXFileReference; fileEncoding = 4; lastKnownFileType = sourcecode.c.h; path = ZRBirthdayHeartMgr.h; sourceTree = "<group>"; };
		BFD56E8B22FFE04700032D97 /* ZRBirthdayHeartModel.h */ = {isa = PBXFileReference; fileEncoding = 4; lastKnownFileType = sourcecode.c.h; path = ZRBirthdayHeartModel.h; sourceTree = "<group>"; };
		BFD56E8D22FFE04700032D97 /* ZRBirthdayHeartView.h */ = {isa = PBXFileReference; fileEncoding = 4; lastKnownFileType = sourcecode.c.h; path = ZRBirthdayHeartView.h; sourceTree = "<group>"; };
		BFD56E8E22FFE04700032D97 /* ZRBirthdayHeartView.m */ = {isa = PBXFileReference; fileEncoding = 4; lastKnownFileType = sourcecode.c.objc; path = ZRBirthdayHeartView.m; sourceTree = "<group>"; };
		BFD56E9022FFE04700032D97 /* ZRBirthdayHeartViewController.h */ = {isa = PBXFileReference; fileEncoding = 4; lastKnownFileType = sourcecode.c.h; path = ZRBirthdayHeartViewController.h; sourceTree = "<group>"; };
		BFD56E9122FFE04700032D97 /* ZRBirthdayHeartViewController.xib */ = {isa = PBXFileReference; fileEncoding = 4; lastKnownFileType = file.xib; path = ZRBirthdayHeartViewController.xib; sourceTree = "<group>"; };
		BFD56E9222FFE04700032D97 /* ZRBirthdayHeartViewController.m */ = {isa = PBXFileReference; fileEncoding = 4; lastKnownFileType = sourcecode.c.objc; path = ZRBirthdayHeartViewController.m; sourceTree = "<group>"; };
		BFD56E9522FFE04700032D97 /* ZRBirthdayEnvelopeFriendsItem.m */ = {isa = PBXFileReference; fileEncoding = 4; lastKnownFileType = sourcecode.c.objc; path = ZRBirthdayEnvelopeFriendsItem.m; sourceTree = "<group>"; };
		BFD56E9622FFE04700032D97 /* ZRBirthdayEnvelopeModel.m */ = {isa = PBXFileReference; fileEncoding = 4; lastKnownFileType = sourcecode.c.objc; path = ZRBirthdayEnvelopeModel.m; sourceTree = "<group>"; };
		BFD56E9722FFE04700032D97 /* ZRBirthdayEnvelopeMgr.m */ = {isa = PBXFileReference; fileEncoding = 4; lastKnownFileType = sourcecode.c.objc; path = ZRBirthdayEnvelopeMgr.m; sourceTree = "<group>"; };
		BFD56E9822FFE04700032D97 /* ZRBirthdayEnvelopeModel.h */ = {isa = PBXFileReference; fileEncoding = 4; lastKnownFileType = sourcecode.c.h; path = ZRBirthdayEnvelopeModel.h; sourceTree = "<group>"; };
		BFD56E9922FFE04700032D97 /* ZRBirthdayEnvelopeFriendsItem.h */ = {isa = PBXFileReference; fileEncoding = 4; lastKnownFileType = sourcecode.c.h; path = ZRBirthdayEnvelopeFriendsItem.h; sourceTree = "<group>"; };
		BFD56E9A22FFE04700032D97 /* ZRBirthdayEnvelopeMgr.h */ = {isa = PBXFileReference; fileEncoding = 4; lastKnownFileType = sourcecode.c.h; path = ZRBirthdayEnvelopeMgr.h; sourceTree = "<group>"; };
		BFD56E9C22FFE04700032D97 /* ZRBirthdayEnvelopeUserFriendsCCell.xib */ = {isa = PBXFileReference; fileEncoding = 4; lastKnownFileType = file.xib; path = ZRBirthdayEnvelopeUserFriendsCCell.xib; sourceTree = "<group>"; };
		BFD56E9D22FFE04700032D97 /* ZRBirthdayEnvelopeUserDescView.m */ = {isa = PBXFileReference; fileEncoding = 4; lastKnownFileType = sourcecode.c.objc; path = ZRBirthdayEnvelopeUserDescView.m; sourceTree = "<group>"; };
		BFD56E9E22FFE04700032D97 /* ZRBirthdayEnvelopeUserFriendsCCell.m */ = {isa = PBXFileReference; fileEncoding = 4; lastKnownFileType = sourcecode.c.objc; path = ZRBirthdayEnvelopeUserFriendsCCell.m; sourceTree = "<group>"; };
		BFD56E9F22FFE04700032D97 /* ZRBirthdayEnvelopeView.h */ = {isa = PBXFileReference; fileEncoding = 4; lastKnownFileType = sourcecode.c.h; path = ZRBirthdayEnvelopeView.h; sourceTree = "<group>"; };
		BFD56EA022FFE04700032D97 /* ZRBirthdayEnvelopeUserDescView.h */ = {isa = PBXFileReference; fileEncoding = 4; lastKnownFileType = sourcecode.c.h; path = ZRBirthdayEnvelopeUserDescView.h; sourceTree = "<group>"; };
		BFD56EA122FFE04700032D97 /* ZRBirthdayEnvelopeUserFriendsCCell.h */ = {isa = PBXFileReference; fileEncoding = 4; lastKnownFileType = sourcecode.c.h; path = ZRBirthdayEnvelopeUserFriendsCCell.h; sourceTree = "<group>"; };
		BFD56EA222FFE04700032D97 /* ZRBirthdayEnvelopeView.m */ = {isa = PBXFileReference; fileEncoding = 4; lastKnownFileType = sourcecode.c.objc; path = ZRBirthdayEnvelopeView.m; sourceTree = "<group>"; };
		BFD56EA422FFE04700032D97 /* ZRBirthdayEnvelopeViewController.xib */ = {isa = PBXFileReference; fileEncoding = 4; lastKnownFileType = file.xib; path = ZRBirthdayEnvelopeViewController.xib; sourceTree = "<group>"; };
		BFD56EA522FFE04700032D97 /* ZRBirthdayEnvelopeViewController.m */ = {isa = PBXFileReference; fileEncoding = 4; lastKnownFileType = sourcecode.c.objc; path = ZRBirthdayEnvelopeViewController.m; sourceTree = "<group>"; };
		BFD56EA622FFE04700032D97 /* ZRBirthdayEnvelopeViewController.h */ = {isa = PBXFileReference; fileEncoding = 4; lastKnownFileType = sourcecode.c.h; path = ZRBirthdayEnvelopeViewController.h; sourceTree = "<group>"; };
		BFD56EB522FFEB5100032D97 /* eba5d13dd4de0aee395bf9d208ab29f7.gif */ = {isa = PBXFileReference; lastKnownFileType = image.gif; path = eba5d13dd4de0aee395bf9d208ab29f7.gif; sourceTree = "<group>"; };
		BFD56EC2230112A100032D97 /* CountdownAnimationView.m */ = {isa = PBXFileReference; fileEncoding = 4; lastKnownFileType = sourcecode.c.objc; path = CountdownAnimationView.m; sourceTree = "<group>"; };
		BFD56EC3230112A100032D97 /* CountdownAnimationView.h */ = {isa = PBXFileReference; fileEncoding = 4; lastKnownFileType = sourcecode.c.h; path = CountdownAnimationView.h; sourceTree = "<group>"; };
		BFD56EC6230112AA00032D97 /* num_9.mp3 */ = {isa = PBXFileReference; lastKnownFileType = audio.mp3; path = num_9.mp3; sourceTree = "<group>"; };
		BFD56EC7230112AA00032D97 /* num_8.mp3 */ = {isa = PBXFileReference; lastKnownFileType = audio.mp3; path = num_8.mp3; sourceTree = "<group>"; };
		BFD56EC8230112AA00032D97 /* num_3.mp3 */ = {isa = PBXFileReference; lastKnownFileType = audio.mp3; path = num_3.mp3; sourceTree = "<group>"; };
		BFD56EC9230112AA00032D97 /* num_2.mp3 */ = {isa = PBXFileReference; lastKnownFileType = audio.mp3; path = num_2.mp3; sourceTree = "<group>"; };
		BFD56ECA230112AA00032D97 /* orun_start.mp3 */ = {isa = PBXFileReference; lastKnownFileType = audio.mp3; path = orun_start.mp3; sourceTree = "<group>"; };
		BFD56ECB230112AA00032D97 /* num_1.mp3 */ = {isa = PBXFileReference; lastKnownFileType = audio.mp3; path = num_1.mp3; sourceTree = "<group>"; };
		BFD56ECC230112AA00032D97 /* num_5.mp3 */ = {isa = PBXFileReference; lastKnownFileType = audio.mp3; path = num_5.mp3; sourceTree = "<group>"; };
		BFD56ECD230112AA00032D97 /* num_4.mp3 */ = {isa = PBXFileReference; lastKnownFileType = audio.mp3; path = num_4.mp3; sourceTree = "<group>"; };
		BFD56ECE230112AA00032D97 /* num_6.mp3 */ = {isa = PBXFileReference; lastKnownFileType = audio.mp3; path = num_6.mp3; sourceTree = "<group>"; };
		BFD56ECF230112AA00032D97 /* num_7.mp3 */ = {isa = PBXFileReference; lastKnownFileType = audio.mp3; path = num_7.mp3; sourceTree = "<group>"; };
		BFD56EDA23018D5200032D97 /* UIView+Frame.h */ = {isa = PBXFileReference; fileEncoding = 4; lastKnownFileType = sourcecode.c.h; path = "UIView+Frame.h"; sourceTree = "<group>"; };
		BFD56EDB23018D5200032D97 /* UIView+Frame.m */ = {isa = PBXFileReference; fileEncoding = 4; lastKnownFileType = sourcecode.c.objc; path = "UIView+Frame.m"; sourceTree = "<group>"; };
		C39BA7F6974A66583E86BF6F /* Pods-Lover.debug.xcconfig */ = {isa = PBXFileReference; includeInIndex = 1; lastKnownFileType = text.xcconfig; name = "Pods-Lover.debug.xcconfig"; path = "Target Support Files/Pods-Lover/Pods-Lover.debug.xcconfig"; sourceTree = "<group>"; };
		CAA3DFA2C4B0BB78FFBAFE05 /* Pods-Lover.release.xcconfig */ = {isa = PBXFileReference; includeInIndex = 1; lastKnownFileType = text.xcconfig; name = "Pods-Lover.release.xcconfig"; path = "Target Support Files/Pods-Lover/Pods-Lover.release.xcconfig"; sourceTree = "<group>"; };
/* End PBXFileReference section */

/* Begin PBXFrameworksBuildPhase section */
		BFD56E4522FFB9EA00032D97 /* Frameworks */ = {
			isa = PBXFrameworksBuildPhase;
			buildActionMask = 2147483647;
			files = (
				3BB5DCE712D67233F8D194F2 /* Pods_Lover.framework in Frameworks */,
			);
			runOnlyForDeploymentPostprocessing = 0;
		};
/* End PBXFrameworksBuildPhase section */

/* Begin PBXGroup section */
		905230305AD057FA9B24C9FD /* Frameworks */ = {
			isa = PBXGroup;
			children = (
				A946E0B6DDACAABF0AC505F6 /* Pods_Lover.framework */,
			);
			name = Frameworks;
			sourceTree = "<group>";
		};
		BFD56E3F22FFB9EA00032D97 = {
			isa = PBXGroup;
			children = (
				BFD56E4A22FFB9EA00032D97 /* Lover */,
				BFD56E4922FFB9EA00032D97 /* Products */,
				F2ABD6AD5B3C5188A05DE651 /* Pods */,
				905230305AD057FA9B24C9FD /* Frameworks */,
			);
			sourceTree = "<group>";
		};
		BFD56E4922FFB9EA00032D97 /* Products */ = {
			isa = PBXGroup;
			children = (
				BFD56E4822FFB9EA00032D97 /* Lover.app */,
			);
			name = Products;
			sourceTree = "<group>";
		};
		BFD56E4A22FFB9EA00032D97 /* Lover */ = {
			isa = PBXGroup;
			children = (
				BFD56EC1230112A100032D97 /* CountdownAnimationView */,
				BFD56EB522FFEB5100032D97 /* eba5d13dd4de0aee395bf9d208ab29f7.gif */,
				BFD56E9322FFE04700032D97 /* ZRBirthdayEnvelope */,
				BFD56E8622FFE04700032D97 /* ZRBirthdayHeart */,
				BFD56E7322FFC45B00032D97 /* ZRBaseLib */,
				BFD56E6322FFBE8800032D97 /* Models */,
				BFD56E6222FFBE7D00032D97 /* Views */,
				BFD56E6122FFBE7500032D97 /* Page */,
				BFD56E4B22FFB9EA00032D97 /* AppDelegate.h */,
				BFD56E4C22FFB9EA00032D97 /* AppDelegate.m */,
				BFD56E4E22FFB9EA00032D97 /* ViewController.h */,
				BFD56E4F22FFB9EA00032D97 /* ViewController.m */,
				BFD56E5122FFB9EA00032D97 /* Main.storyboard */,
				BFD56E5422FFB9EF00032D97 /* Assets.xcassets */,
				BFD56E5622FFB9EF00032D97 /* LaunchScreen.storyboard */,
				BFD56E5922FFB9EF00032D97 /* Info.plist */,
				BFD56E5A22FFB9EF00032D97 /* main.m */,
			);
			path = Lover;
			sourceTree = "<group>";
		};
		BFD56E6122FFBE7500032D97 /* Page */ = {
			isa = PBXGroup;
			children = (
				BFD56EDA23018D5200032D97 /* UIView+Frame.h */,
				BFD56EDB23018D5200032D97 /* UIView+Frame.m */,
				BFD56E6422FFBE9E00032D97 /* HomeViewController.h */,
				BFD56E6522FFBE9E00032D97 /* HomeViewController.m */,
				BFD56E6622FFBE9E00032D97 /* HomeViewController.xib */,
				BFD56E6922FFBEFD00032D97 /* SecondViewController.h */,
				BFD56E6A22FFBEFD00032D97 /* SecondViewController.m */,
				BFD56E6B22FFBEFD00032D97 /* SecondViewController.xib */,
				BFD56E6E22FFBF2700032D97 /* ThreeViewController.h */,
				BFD56E6F22FFBF2700032D97 /* ThreeViewController.m */,
				BFD56E7022FFBF2700032D97 /* ThreeViewController.xib */,
			);
			path = Page;
			sourceTree = "<group>";
		};
		BFD56E6222FFBE7D00032D97 /* Views */ = {
			isa = PBXGroup;
			children = (
			);
			path = Views;
			sourceTree = "<group>";
		};
		BFD56E6322FFBE8800032D97 /* Models */ = {
			isa = PBXGroup;
			children = (
			);
			path = Models;
			sourceTree = "<group>";
		};
		BFD56E7322FFC45B00032D97 /* ZRBaseLib */ = {
			isa = PBXGroup;
			children = (
				BFD56E7422FFC45B00032D97 /* ZRPrefixHeader.pch */,
				BFD56E7522FFC45B00032D97 /* ZRAudioPlayerMgr.m */,
				BFD56E7622FFC45B00032D97 /* ZRDevice.h */,
				BFD56E7722FFC45B00032D97 /* ZRAdapter */,
				BFD56E7A22FFC45B00032D97 /* UIImage+Rotate.h */,
				BFD56E7B22FFC45B00032D97 /* UIColor+ZRColor.m */,
				BFD56E7C22FFC45B00032D97 /* ZRDevice.m */,
				BFD56E7D22FFC45B00032D97 /* ZRAudioPlayerMgr.h */,
				BFD56E7E22FFC45B00032D97 /* ZRBaseDefined.h */,
				BFD56E7F22FFC45B00032D97 /* UIImage+Rotate.m */,
				BFD56E8022FFC45B00032D97 /* UIColor+ZRColor.h */,
			);
			path = ZRBaseLib;
			sourceTree = "<group>";
		};
		BFD56E7722FFC45B00032D97 /* ZRAdapter */ = {
			isa = PBXGroup;
			children = (
				BFD56E7822FFC45B00032D97 /* ZRTableViewBaseAdapter.m */,
				BFD56E7922FFC45B00032D97 /* ZRTableViewBaseAdapter.h */,
			);
			path = ZRAdapter;
			sourceTree = "<group>";
		};
		BFD56E8622FFE04700032D97 /* ZRBirthdayHeart */ = {
			isa = PBXGroup;
			children = (
				BFD56E8722FFE04700032D97 /* Model */,
				BFD56E8C22FFE04700032D97 /* View */,
				BFD56E8F22FFE04700032D97 /* ViewController */,
			);
			path = ZRBirthdayHeart;
			sourceTree = "<group>";
		};
		BFD56E8722FFE04700032D97 /* Model */ = {
			isa = PBXGroup;
			children = (
				BFD56E8822FFE04700032D97 /* ZRBirthdayHeartMgr.m */,
				BFD56E8922FFE04700032D97 /* ZRBirthdayHeartModel.m */,
				BFD56E8A22FFE04700032D97 /* ZRBirthdayHeartMgr.h */,
				BFD56E8B22FFE04700032D97 /* ZRBirthdayHeartModel.h */,
			);
			path = Model;
			sourceTree = "<group>";
		};
		BFD56E8C22FFE04700032D97 /* View */ = {
			isa = PBXGroup;
			children = (
				BFD56E8D22FFE04700032D97 /* ZRBirthdayHeartView.h */,
				BFD56E8E22FFE04700032D97 /* ZRBirthdayHeartView.m */,
			);
			path = View;
			sourceTree = "<group>";
		};
		BFD56E8F22FFE04700032D97 /* ViewController */ = {
			isa = PBXGroup;
			children = (
				BFD56E9022FFE04700032D97 /* ZRBirthdayHeartViewController.h */,
				BFD56E9122FFE04700032D97 /* ZRBirthdayHeartViewController.xib */,
				BFD56E9222FFE04700032D97 /* ZRBirthdayHeartViewController.m */,
			);
			path = ViewController;
			sourceTree = "<group>";
		};
		BFD56E9322FFE04700032D97 /* ZRBirthdayEnvelope */ = {
			isa = PBXGroup;
			children = (
				BFD56E9422FFE04700032D97 /* Model */,
				BFD56E9B22FFE04700032D97 /* View */,
				BFD56EA322FFE04700032D97 /* ViewController */,
			);
			path = ZRBirthdayEnvelope;
			sourceTree = "<group>";
		};
		BFD56E9422FFE04700032D97 /* Model */ = {
			isa = PBXGroup;
			children = (
				BFD56E9522FFE04700032D97 /* ZRBirthdayEnvelopeFriendsItem.m */,
				BFD56E9622FFE04700032D97 /* ZRBirthdayEnvelopeModel.m */,
				BFD56E9722FFE04700032D97 /* ZRBirthdayEnvelopeMgr.m */,
				BFD56E9822FFE04700032D97 /* ZRBirthdayEnvelopeModel.h */,
				BFD56E9922FFE04700032D97 /* ZRBirthdayEnvelopeFriendsItem.h */,
				BFD56E9A22FFE04700032D97 /* ZRBirthdayEnvelopeMgr.h */,
			);
			path = Model;
			sourceTree = "<group>";
		};
		BFD56E9B22FFE04700032D97 /* View */ = {
			isa = PBXGroup;
			children = (
				BFD56E9C22FFE04700032D97 /* ZRBirthdayEnvelopeUserFriendsCCell.xib */,
				BFD56E9D22FFE04700032D97 /* ZRBirthdayEnvelopeUserDescView.m */,
				BFD56E9E22FFE04700032D97 /* ZRBirthdayEnvelopeUserFriendsCCell.m */,
				BFD56E9F22FFE04700032D97 /* ZRBirthdayEnvelopeView.h */,
				BFD56EA022FFE04700032D97 /* ZRBirthdayEnvelopeUserDescView.h */,
				BFD56EA122FFE04700032D97 /* ZRBirthdayEnvelopeUserFriendsCCell.h */,
				BFD56EA222FFE04700032D97 /* ZRBirthdayEnvelopeView.m */,
			);
			path = View;
			sourceTree = "<group>";
		};
		BFD56EA322FFE04700032D97 /* ViewController */ = {
			isa = PBXGroup;
			children = (
				BFD56EA422FFE04700032D97 /* ZRBirthdayEnvelopeViewController.xib */,
				BFD56EA522FFE04700032D97 /* ZRBirthdayEnvelopeViewController.m */,
				BFD56EA622FFE04700032D97 /* ZRBirthdayEnvelopeViewController.h */,
			);
			path = ViewController;
			sourceTree = "<group>";
		};
		BFD56EC1230112A100032D97 /* CountdownAnimationView */ = {
			isa = PBXGroup;
			children = (
				BFD56EC5230112AA00032D97 /* Sound */,
				BFD56EC2230112A100032D97 /* CountdownAnimationView.m */,
				BFD56EC3230112A100032D97 /* CountdownAnimationView.h */,
			);
			path = CountdownAnimationView;
			sourceTree = "<group>";
		};
		BFD56EC5230112AA00032D97 /* Sound */ = {
			isa = PBXGroup;
			children = (
				BFD56EC6230112AA00032D97 /* num_9.mp3 */,
				BFD56EC7230112AA00032D97 /* num_8.mp3 */,
				BFD56EC8230112AA00032D97 /* num_3.mp3 */,
				BFD56EC9230112AA00032D97 /* num_2.mp3 */,
				BFD56ECA230112AA00032D97 /* orun_start.mp3 */,
				BFD56ECB230112AA00032D97 /* num_1.mp3 */,
				BFD56ECC230112AA00032D97 /* num_5.mp3 */,
				BFD56ECD230112AA00032D97 /* num_4.mp3 */,
				BFD56ECE230112AA00032D97 /* num_6.mp3 */,
				BFD56ECF230112AA00032D97 /* num_7.mp3 */,
			);
			path = Sound;
			sourceTree = "<group>";
		};
		F2ABD6AD5B3C5188A05DE651 /* Pods */ = {
			isa = PBXGroup;
			children = (
				C39BA7F6974A66583E86BF6F /* Pods-Lover.debug.xcconfig */,
				CAA3DFA2C4B0BB78FFBAFE05 /* Pods-Lover.release.xcconfig */,
			);
			path = Pods;
			sourceTree = "<group>";
		};
/* End PBXGroup section */

/* Begin PBXNativeTarget section */
		BFD56E4722FFB9EA00032D97 /* Lover */ = {
			isa = PBXNativeTarget;
			buildConfigurationList = BFD56E5E22FFB9EF00032D97 /* Build configuration list for PBXNativeTarget "Lover" */;
			buildPhases = (
				79C67166DE99B48DA37A1F5B /* [CP] Check Pods Manifest.lock */,
				BFD56E4422FFB9EA00032D97 /* Sources */,
				BFD56E4522FFB9EA00032D97 /* Frameworks */,
				BFD56E4622FFB9EA00032D97 /* Resources */,
				38953D4E5B896DC247FAEFCC /* [CP] Embed Pods Frameworks */,
			);
			buildRules = (
			);
			dependencies = (
			);
			name = Lover;
			productName = Lover;
			productReference = BFD56E4822FFB9EA00032D97 /* Lover.app */;
			productType = "com.apple.product-type.application";
		};
/* End PBXNativeTarget section */

/* Begin PBXProject section */
		BFD56E4022FFB9EA00032D97 /* Project object */ = {
			isa = PBXProject;
			attributes = {
				LastUpgradeCheck = 1030;
				ORGANIZATIONNAME = yqf;
				TargetAttributes = {
					BFD56E4722FFB9EA00032D97 = {
						CreatedOnToolsVersion = 10.3;
					};
				};
			};
			buildConfigurationList = BFD56E4322FFB9EA00032D97 /* Build configuration list for PBXProject "Lover" */;
			compatibilityVersion = "Xcode 9.3";
			developmentRegion = en;
			hasScannedForEncodings = 0;
			knownRegions = (
				en,
				Base,
			);
			mainGroup = BFD56E3F22FFB9EA00032D97;
			productRefGroup = BFD56E4922FFB9EA00032D97 /* Products */;
			projectDirPath = "";
			projectRoot = "";
			targets = (
				BFD56E4722FFB9EA00032D97 /* Lover */,
			);
		};
/* End PBXProject section */

/* Begin PBXResourcesBuildPhase section */
		BFD56E4622FFB9EA00032D97 /* Resources */ = {
			isa = PBXResourcesBuildPhase;
			buildActionMask = 2147483647;
			files = (
				BFD56ED8230112AB00032D97 /* num_6.mp3 in Resources */,
				BFD56ED7230112AB00032D97 /* num_4.mp3 in Resources */,
				BFD56EB322FFE04700032D97 /* ZRBirthdayEnvelopeViewController.xib in Resources */,
				BFD56E5822FFB9EF00032D97 /* LaunchScreen.storyboard in Resources */,
				BFD56ED4230112AB00032D97 /* orun_start.mp3 in Resources */,
				BFD56ED9230112AB00032D97 /* num_7.mp3 in Resources */,
				BFD56EB622FFEB5100032D97 /* eba5d13dd4de0aee395bf9d208ab29f7.gif in Resources */,
				BFD56E5522FFB9EF00032D97 /* Assets.xcassets in Resources */,
				BFD56ED3230112AB00032D97 /* num_2.mp3 in Resources */,
				BFD56E5322FFB9EA00032D97 /* Main.storyboard in Resources */,
				BFD56ED5230112AB00032D97 /* num_1.mp3 in Resources */,
				BFD56E6822FFBE9E00032D97 /* HomeViewController.xib in Resources */,
				BFD56ED1230112AB00032D97 /* num_8.mp3 in Resources */,
				BFD56ED2230112AB00032D97 /* num_3.mp3 in Resources */,
				BFD56EAA22FFE04700032D97 /* ZRBirthdayHeartViewController.xib in Resources */,
				BFD56EAF22FFE04700032D97 /* ZRBirthdayEnvelopeUserFriendsCCell.xib in Resources */,
				BFD56ED0230112AB00032D97 /* num_9.mp3 in Resources */,
				BFD56E6D22FFBEFD00032D97 /* SecondViewController.xib in Resources */,
				BFD56ED6230112AB00032D97 /* num_5.mp3 in Resources */,
				BFD56E7222FFBF2700032D97 /* ThreeViewController.xib in Resources */,
			);
			runOnlyForDeploymentPostprocessing = 0;
		};
/* End PBXResourcesBuildPhase section */

/* Begin PBXShellScriptBuildPhase section */
		38953D4E5B896DC247FAEFCC /* [CP] Embed Pods Frameworks */ = {
			isa = PBXShellScriptBuildPhase;
			buildActionMask = 2147483647;
			files = (
			);
			inputFileListPaths = (
				"${PODS_ROOT}/Target Support Files/Pods-Lover/Pods-Lover-frameworks-${CONFIGURATION}-input-files.xcfilelist",
			);
			name = "[CP] Embed Pods Frameworks";
			outputFileListPaths = (
				"${PODS_ROOT}/Target Support Files/Pods-Lover/Pods-Lover-frameworks-${CONFIGURATION}-output-files.xcfilelist",
			);
			runOnlyForDeploymentPostprocessing = 0;
			shellPath = /bin/sh;
			shellScript = "\"${PODS_ROOT}/Target Support Files/Pods-Lover/Pods-Lover-frameworks.sh\"\n";
			showEnvVarsInLog = 0;
		};
		79C67166DE99B48DA37A1F5B /* [CP] Check Pods Manifest.lock */ = {
			isa = PBXShellScriptBuildPhase;
			buildActionMask = 2147483647;
			files = (
			);
			inputFileListPaths = (
			);
			inputPaths = (
				"${PODS_PODFILE_DIR_PATH}/Podfile.lock",
				"${PODS_ROOT}/Manifest.lock",
			);
			name = "[CP] Check Pods Manifest.lock";
			outputFileListPaths = (
			);
			outputPaths = (
				"$(DERIVED_FILE_DIR)/Pods-Lover-checkManifestLockResult.txt",
			);
			runOnlyForDeploymentPostprocessing = 0;
			shellPath = /bin/sh;
			shellScript = "diff \"${PODS_PODFILE_DIR_PATH}/Podfile.lock\" \"${PODS_ROOT}/Manifest.lock\" > /dev/null\nif [ $? != 0 ] ; then\n    # print error to STDERR\n    echo \"error: The sandbox is not in sync with the Podfile.lock. Run 'pod install' or update your CocoaPods installation.\" >&2\n    exit 1\nfi\n# This output is used by Xcode 'outputs' to avoid re-running this script phase.\necho \"SUCCESS\" > \"${SCRIPT_OUTPUT_FILE_0}\"\n";
			showEnvVarsInLog = 0;
		};
/* End PBXShellScriptBuildPhase section */

/* Begin PBXSourcesBuildPhase section */
		BFD56E4422FFB9EA00032D97 /* Sources */ = {
			isa = PBXSourcesBuildPhase;
			buildActionMask = 2147483647;
			files = (
				BFD56EDC23018D5300032D97 /* UIView+Frame.m in Sources */,
				BFD56E6C22FFBEFD00032D97 /* SecondViewController.m in Sources */,
				BFD56EB122FFE04700032D97 /* ZRBirthdayEnvelopeUserFriendsCCell.m in Sources */,
				BFD56EAD22FFE04700032D97 /* ZRBirthdayEnvelopeModel.m in Sources */,
				BFD56E8122FFC45B00032D97 /* ZRAudioPlayerMgr.m in Sources */,
				BFD56EB022FFE04700032D97 /* ZRBirthdayEnvelopeUserDescView.m in Sources */,
				BFD56EC4230112A100032D97 /* CountdownAnimationView.m in Sources */,
				BFD56E5022FFB9EA00032D97 /* ViewController.m in Sources */,
				BFD56EAB22FFE04700032D97 /* ZRBirthdayHeartViewController.m in Sources */,
				BFD56E5B22FFB9EF00032D97 /* main.m in Sources */,
				BFD56EAC22FFE04700032D97 /* ZRBirthdayEnvelopeFriendsItem.m in Sources */,
				BFD56EB422FFE04700032D97 /* ZRBirthdayEnvelopeViewController.m in Sources */,
				BFD56E7122FFBF2700032D97 /* ThreeViewController.m in Sources */,
				BFD56E8322FFC45B00032D97 /* UIColor+ZRColor.m in Sources */,
				BFD56EA922FFE04700032D97 /* ZRBirthdayHeartView.m in Sources */,
				BFD56E4D22FFB9EA00032D97 /* AppDelegate.m in Sources */,
				BFD56E8222FFC45B00032D97 /* ZRTableViewBaseAdapter.m in Sources */,
				BFD56EA722FFE04700032D97 /* ZRBirthdayHeartMgr.m in Sources */,
				BFD56EA822FFE04700032D97 /* ZRBirthdayHeartModel.m in Sources */,
				BFD56E6722FFBE9E00032D97 /* HomeViewController.m in Sources */,
				BFD56EB222FFE04700032D97 /* ZRBirthdayEnvelopeView.m in Sources */,
				BFD56E8522FFC45B00032D97 /* UIImage+Rotate.m in Sources */,
				BFD56E8422FFC45B00032D97 /* ZRDevice.m in Sources */,
				BFD56EAE22FFE04700032D97 /* ZRBirthdayEnvelopeMgr.m in Sources */,
			);
			runOnlyForDeploymentPostprocessing = 0;
		};
/* End PBXSourcesBuildPhase section */

/* Begin PBXVariantGroup section */
		BFD56E5122FFB9EA00032D97 /* Main.storyboard */ = {
			isa = PBXVariantGroup;
			children = (
				BFD56E5222FFB9EA00032D97 /* Base */,
			);
			name = Main.storyboard;
			sourceTree = "<group>";
		};
		BFD56E5622FFB9EF00032D97 /* LaunchScreen.storyboard */ = {
			isa = PBXVariantGroup;
			children = (
				BFD56E5722FFB9EF00032D97 /* Base */,
			);
			name = LaunchScreen.storyboard;
			sourceTree = "<group>";
		};
/* End PBXVariantGroup section */

/* Begin XCBuildConfiguration section */
		BFD56E5C22FFB9EF00032D97 /* Debug */ = {
			isa = XCBuildConfiguration;
			buildSettings = {
				ALWAYS_SEARCH_USER_PATHS = NO;
				CLANG_ANALYZER_NONNULL = YES;
				CLANG_ANALYZER_NUMBER_OBJECT_CONVERSION = YES_AGGRESSIVE;
				CLANG_CXX_LANGUAGE_STANDARD = "gnu++14";
				CLANG_CXX_LIBRARY = "libc++";
				CLANG_ENABLE_MODULES = YES;
				CLANG_ENABLE_OBJC_ARC = YES;
				CLANG_ENABLE_OBJC_WEAK = YES;
				CLANG_WARN_BLOCK_CAPTURE_AUTORELEASING = YES;
				CLANG_WARN_BOOL_CONVERSION = YES;
				CLANG_WARN_COMMA = YES;
				CLANG_WARN_CONSTANT_CONVERSION = YES;
				CLANG_WARN_DEPRECATED_OBJC_IMPLEMENTATIONS = YES;
				CLANG_WARN_DIRECT_OBJC_ISA_USAGE = YES_ERROR;
				CLANG_WARN_DOCUMENTATION_COMMENTS = YES;
				CLANG_WARN_EMPTY_BODY = YES;
				CLANG_WARN_ENUM_CONVERSION = YES;
				CLANG_WARN_INFINITE_RECURSION = YES;
				CLANG_WARN_INT_CONVERSION = YES;
				CLANG_WARN_NON_LITERAL_NULL_CONVERSION = YES;
				CLANG_WARN_OBJC_IMPLICIT_RETAIN_SELF = YES;
				CLANG_WARN_OBJC_LITERAL_CONVERSION = YES;
				CLANG_WARN_OBJC_ROOT_CLASS = YES_ERROR;
				CLANG_WARN_RANGE_LOOP_ANALYSIS = YES;
				CLANG_WARN_STRICT_PROTOTYPES = YES;
				CLANG_WARN_SUSPICIOUS_MOVE = YES;
				CLANG_WARN_UNGUARDED_AVAILABILITY = YES_AGGRESSIVE;
				CLANG_WARN_UNREACHABLE_CODE = YES;
				CLANG_WARN__DUPLICATE_METHOD_MATCH = YES;
				CODE_SIGN_IDENTITY = "iPhone Developer";
				COPY_PHASE_STRIP = NO;
				DEBUG_INFORMATION_FORMAT = dwarf;
				ENABLE_STRICT_OBJC_MSGSEND = YES;
				ENABLE_TESTABILITY = YES;
				GCC_C_LANGUAGE_STANDARD = gnu11;
				GCC_DYNAMIC_NO_PIC = NO;
				GCC_NO_COMMON_BLOCKS = YES;
				GCC_OPTIMIZATION_LEVEL = 0;
				GCC_PREPROCESSOR_DEFINITIONS = (
					"DEBUG=1",
					"$(inherited)",
				);
				GCC_WARN_64_TO_32_BIT_CONVERSION = YES;
				GCC_WARN_ABOUT_RETURN_TYPE = YES_ERROR;
				GCC_WARN_UNDECLARED_SELECTOR = YES;
				GCC_WARN_UNINITIALIZED_AUTOS = YES_AGGRESSIVE;
				GCC_WARN_UNUSED_FUNCTION = YES;
				GCC_WARN_UNUSED_VARIABLE = YES;
				IPHONEOS_DEPLOYMENT_TARGET = 12.4;
				MTL_ENABLE_DEBUG_INFO = INCLUDE_SOURCE;
				MTL_FAST_MATH = YES;
				ONLY_ACTIVE_ARCH = YES;
				SDKROOT = iphoneos;
			};
			name = Debug;
		};
		BFD56E5D22FFB9EF00032D97 /* Release */ = {
			isa = XCBuildConfiguration;
			buildSettings = {
				ALWAYS_SEARCH_USER_PATHS = NO;
				CLANG_ANALYZER_NONNULL = YES;
				CLANG_ANALYZER_NUMBER_OBJECT_CONVERSION = YES_AGGRESSIVE;
				CLANG_CXX_LANGUAGE_STANDARD = "gnu++14";
				CLANG_CXX_LIBRARY = "libc++";
				CLANG_ENABLE_MODULES = YES;
				CLANG_ENABLE_OBJC_ARC = YES;
				CLANG_ENABLE_OBJC_WEAK = YES;
				CLANG_WARN_BLOCK_CAPTURE_AUTORELEASING = YES;
				CLANG_WARN_BOOL_CONVERSION = YES;
				CLANG_WARN_COMMA = YES;
				CLANG_WARN_CONSTANT_CONVERSION = YES;
				CLANG_WARN_DEPRECATED_OBJC_IMPLEMENTATIONS = YES;
				CLANG_WARN_DIRECT_OBJC_ISA_USAGE = YES_ERROR;
				CLANG_WARN_DOCUMENTATION_COMMENTS = YES;
				CLANG_WARN_EMPTY_BODY = YES;
				CLANG_WARN_ENUM_CONVERSION = YES;
				CLANG_WARN_INFINITE_RECURSION = YES;
				CLANG_WARN_INT_CONVERSION = YES;
				CLANG_WARN_NON_LITERAL_NULL_CONVERSION = YES;
				CLANG_WARN_OBJC_IMPLICIT_RETAIN_SELF = YES;
				CLANG_WARN_OBJC_LITERAL_CONVERSION = YES;
				CLANG_WARN_OBJC_ROOT_CLASS = YES_ERROR;
				CLANG_WARN_RANGE_LOOP_ANALYSIS = YES;
				CLANG_WARN_STRICT_PROTOTYPES = YES;
				CLANG_WARN_SUSPICIOUS_MOVE = YES;
				CLANG_WARN_UNGUARDED_AVAILABILITY = YES_AGGRESSIVE;
				CLANG_WARN_UNREACHABLE_CODE = YES;
				CLANG_WARN__DUPLICATE_METHOD_MATCH = YES;
				CODE_SIGN_IDENTITY = "iPhone Developer";
				COPY_PHASE_STRIP = NO;
				DEBUG_INFORMATION_FORMAT = "dwarf-with-dsym";
				ENABLE_NS_ASSERTIONS = NO;
				ENABLE_STRICT_OBJC_MSGSEND = YES;
				GCC_C_LANGUAGE_STANDARD = gnu11;
				GCC_NO_COMMON_BLOCKS = YES;
				GCC_WARN_64_TO_32_BIT_CONVERSION = YES;
				GCC_WARN_ABOUT_RETURN_TYPE = YES_ERROR;
				GCC_WARN_UNDECLARED_SELECTOR = YES;
				GCC_WARN_UNINITIALIZED_AUTOS = YES_AGGRESSIVE;
				GCC_WARN_UNUSED_FUNCTION = YES;
				GCC_WARN_UNUSED_VARIABLE = YES;
				IPHONEOS_DEPLOYMENT_TARGET = 12.4;
				MTL_ENABLE_DEBUG_INFO = NO;
				MTL_FAST_MATH = YES;
				SDKROOT = iphoneos;
				VALIDATE_PRODUCT = YES;
			};
			name = Release;
		};
		BFD56E5F22FFB9EF00032D97 /* Debug */ = {
			isa = XCBuildConfiguration;
			baseConfigurationReference = C39BA7F6974A66583E86BF6F /* Pods-Lover.debug.xcconfig */;
			buildSettings = {
				ASSETCATALOG_COMPILER_APPICON_NAME = AppIcon;
				CODE_SIGN_STYLE = Automatic;
				DEVELOPMENT_TEAM = HXX3RW9MPS;
				GCC_PREFIX_HEADER = "$(SRCROOT)/Lover/ZRBaseLib/ZRPrefixHeader.pch";
				INFOPLIST_FILE = Lover/Info.plist;
				IPHONEOS_DEPLOYMENT_TARGET = 9.0;
				LD_RUNPATH_SEARCH_PATHS = (
					"$(inherited)",
					"@executable_path/Frameworks",
				);
				PRODUCT_BUNDLE_IDENTIFIER = sss.Lovers;
				PRODUCT_NAME = "$(TARGET_NAME)";
				TARGETED_DEVICE_FAMILY = 1;
			};
			name = Debug;
		};
		BFD56E6022FFB9EF00032D97 /* Release */ = {
			isa = XCBuildConfiguration;
			baseConfigurationReference = CAA3DFA2C4B0BB78FFBAFE05 /* Pods-Lover.release.xcconfig */;
			buildSettings = {
				ASSETCATALOG_COMPILER_APPICON_NAME = AppIcon;
				CODE_SIGN_STYLE = Automatic;
				DEVELOPMENT_TEAM = HXX3RW9MPS;
				GCC_PREFIX_HEADER = "$(SRCROOT)/Lover/ZRBaseLib/ZRPrefixHeader.pch";
				INFOPLIST_FILE = Lover/Info.plist;
				IPHONEOS_DEPLOYMENT_TARGET = 9.0;
				LD_RUNPATH_SEARCH_PATHS = (
					"$(inherited)",
					"@executable_path/Frameworks",
				);
				PRODUCT_BUNDLE_IDENTIFIER = sss.Lovers;
				PRODUCT_NAME = "$(TARGET_NAME)";
				TARGETED_DEVICE_FAMILY = 1;
			};
			name = Release;
		};
/* End XCBuildConfiguration section */

/* Begin XCConfigurationList section */
		BFD56E4322FFB9EA00032D97 /* Build configuration list for PBXProject "Lover" */ = {
			isa = XCConfigurationList;
			buildConfigurations = (
				BFD56E5C22FFB9EF00032D97 /* Debug */,
				BFD56E5D22FFB9EF00032D97 /* Release */,
			);
			defaultConfigurationIsVisible = 0;
			defaultConfigurationName = Release;
		};
		BFD56E5E22FFB9EF00032D97 /* Build configuration list for PBXNativeTarget "Lover" */ = {
			isa = XCConfigurationList;
			buildConfigurations = (
				BFD56E5F22FFB9EF00032D97 /* Debug */,
				BFD56E6022FFB9EF00032D97 /* Release */,
			);
			defaultConfigurationIsVisible = 0;
			defaultConfigurationName = Release;
		};
/* End XCConfigurationList section */
	};
	rootObject = BFD56E4022FFB9EA00032D97 /* Project object */;
}
